{
  "originHash" : "dfed027e3c02f2febac0417e332bbe1c7c856ae1b29a0bb532649400f44df992",
  "pins" : [
    {
      "identity" : "bitbytedata",
      "kind" : "remoteSourceControl",
      "location" : "https://github.com/tsolomko/BitByteData",
      "state" : {
        "revision" : "0969ebfb79ccbee05384249e818067a984337dc2",
        "version" : "1.4.4"
      }
    },
    {
      "identity" : "hwp-swift",
      "kind" : "remoteSourceControl",
      "location" : "https://github.com/sboh1214/hwp-swift.git",
      "state" : {
        "revision" : "64482d3c8f2dcf3762ddb4405fc606bf81b9b579",
        "version" : "0.14.1"
      }
    },
    {
      "identity" : "olekit",
      "kind" : "remoteSourceControl",
      "location" : "https://github.com/CoreOffice/OLEKit.git",
      "state" : {
        "revision" : "2cc7a98b4ac4e9ce022336258a3bc4ff6bfc285b",
        "version" : "0.3.1"
      }
    },
    {
      "identity" : "swcompression",
      "kind" : "remoteSourceControl",
      "location" : "https://github.com/tsolomko/SWCompression.git",
      "state" : {
        "revision" : "48ecebcadeecb81a41d66af547a5d7fcc1d8d5cb",
        "version" : "4.5.8"
      }
    }
  ],
  "version" : 3
}
